{
  "pins" : [
    {
      "identity" : "rxswift",
      "kind" : "remoteSourceControl",
      "location" : "https://github.com/ReactiveX/RxSwift.git",
      "state" : {
        "branch" : "main",
        "revision" : "e0ab8c4e18baf6679a65b325155923276b832687"
      }
    },
    {
      "identity" : "sdwebimage",
      "kind" : "remoteSourceControl",
      "location" : "https://github.com/SDWebImage/SDWebImage",
      "state" : {
        "branch" : "master",
        "revision" : "c4b8660bb3ef543fe4bdcaac0db956b32dc5583f"
      }
    }
  ],
  "version" : 2
}
