// !$*UTF8*$!
{
	archiveVersion = 1;
	classes = {
	};
	objectVersion = 55;
	objects = {

/* Begin PBXBuildFile section */
		405C358E2862F953006A859F /* AppDelegate.swift in Sources */ = {isa = PBXBuildFile; fileRef = 405C358D2862F953006A859F /* AppDelegate.swift */; };
		405C35902862F953006A859F /* SceneDelegate.swift in Sources */ = {isa = PBXBuildFile; fileRef = 405C358F2862F953006A859F /* SceneDelegate.swift */; };
		405C35922862F953006A859F /* RootViewController.swift in Sources */ = {isa = PBXBuildFile; fileRef = 405C35912862F953006A859F /* RootViewController.swift */; };
		405C35972862F955006A859F /* Assets.xcassets in Resources */ = {isa = PBXBuildFile; fileRef = 405C35962862F955006A859F /* Assets.xcassets */; };
		405C359A2862F955006A859F /* LaunchScreen.storyboard in Resources */ = {isa = PBXBuildFile; fileRef = 405C35982862F955006A859F /* LaunchScreen.storyboard */; };
		405C35A42862FF79006A859F /* HomeViewController.swift in Sources */ = {isa = PBXBuildFile; fileRef = 405C35A32862FF79006A859F /* HomeViewController.swift */; };
		405C35A62862FF84006A859F /* EmptyViewController.swift in Sources */ = {isa = PBXBuildFile; fileRef = 405C35A52862FF84006A859F /* EmptyViewController.swift */; };
		405C35AD28630820006A859F /* Poppins-SemiBold.ttf in Resources */ = {isa = PBXBuildFile; fileRef = 405C35A928630820006A859F /* Poppins-SemiBold.ttf */; };
		405C35AE28630820006A859F /* Poppins-Bold.ttf in Resources */ = {isa = PBXBuildFile; fileRef = 405C35AA28630820006A859F /* Poppins-Bold.ttf */; };
		405C35AF28630820006A859F /* Poppins-Regular.ttf in Resources */ = {isa = PBXBuildFile; fileRef = 405C35AB28630820006A859F /* Poppins-Regular.ttf */; };
		405C35B028630820006A859F /* Poppins-Medium.ttf in Resources */ = {isa = PBXBuildFile; fileRef = 405C35AC28630820006A859F /* Poppins-Medium.ttf */; };
		405C35B228634027006A859F /* LoginViewController.swift in Sources */ = {isa = PBXBuildFile; fileRef = 405C35B128634027006A859F /* LoginViewController.swift */; };
		405C35B52863407E006A859F /* AuthViewModel.swift in Sources */ = {isa = PBXBuildFile; fileRef = 405C35B42863407E006A859F /* AuthViewModel.swift */; };
		405C35B828635121006A859F /* Utilities.swift in Sources */ = {isa = PBXBuildFile; fileRef = 405C35B728635121006A859F /* Utilities.swift */; };
		405C35BA2863518F006A859F /* Extensions.swift in Sources */ = {isa = PBXBuildFile; fileRef = 405C35B92863518F006A859F /* Extensions.swift */; };
		405C35BD2863521C006A859F /* HeaderBackgroundAuth.swift in Sources */ = {isa = PBXBuildFile; fileRef = 405C35BC2863521C006A859F /* HeaderBackgroundAuth.swift */; };
		405C35BF2863600C006A859F /* CTAButton.swift in Sources */ = {isa = PBXBuildFile; fileRef = 405C35BE2863600C006A859F /* CTAButton.swift */; };
/* End PBXBuildFile section */

/* Begin PBXFileReference section */
		405C358A2862F953006A859F /* Galla.app */ = {isa = PBXFileReference; explicitFileType = wrapper.application; includeInIndex = 0; path = Galla.app; sourceTree = BUILT_PRODUCTS_DIR; };
		405C358D2862F953006A859F /* AppDelegate.swift */ = {isa = PBXFileReference; lastKnownFileType = sourcecode.swift; path = AppDelegate.swift; sourceTree = "<group>"; };
		405C358F2862F953006A859F /* SceneDelegate.swift */ = {isa = PBXFileReference; lastKnownFileType = sourcecode.swift; path = SceneDelegate.swift; sourceTree = "<group>"; };
		405C35912862F953006A859F /* RootViewController.swift */ = {isa = PBXFileReference; lastKnownFileType = sourcecode.swift; path = RootViewController.swift; sourceTree = "<group>"; };
		405C35962862F955006A859F /* Assets.xcassets */ = {isa = PBXFileReference; lastKnownFileType = folder.assetcatalog; path = Assets.xcassets; sourceTree = "<group>"; };
		405C35992862F955006A859F /* Base */ = {isa = PBXFileReference; lastKnownFileType = file.storyboard; name = Base; path = Base.lproj/LaunchScreen.storyboard; sourceTree = "<group>"; };
		405C359B2862F955006A859F /* Info.plist */ = {isa = PBXFileReference; lastKnownFileType = text.plist.xml; path = Info.plist; sourceTree = "<group>"; };
		405C35A32862FF79006A859F /* HomeViewController.swift */ = {isa = PBXFileReference; lastKnownFileType = sourcecode.swift; path = HomeViewController.swift; sourceTree = "<group>"; };
		405C35A52862FF84006A859F /* EmptyViewController.swift */ = {isa = PBXFileReference; lastKnownFileType = sourcecode.swift; path = EmptyViewController.swift; sourceTree = "<group>"; };
		405C35A928630820006A859F /* Poppins-SemiBold.ttf */ = {isa = PBXFileReference; lastKnownFileType = file; path = "Poppins-SemiBold.ttf"; sourceTree = "<group>"; };
		405C35AA28630820006A859F /* Poppins-Bold.ttf */ = {isa = PBXFileReference; lastKnownFileType = file; path = "Poppins-Bold.ttf"; sourceTree = "<group>"; };
		405C35AB28630820006A859F /* Poppins-Regular.ttf */ = {isa = PBXFileReference; lastKnownFileType = file; path = "Poppins-Regular.ttf"; sourceTree = "<group>"; };
		405C35AC28630820006A859F /* Poppins-Medium.ttf */ = {isa = PBXFileReference; lastKnownFileType = file; path = "Poppins-Medium.ttf"; sourceTree = "<group>"; };
		405C35B128634027006A859F /* LoginViewController.swift */ = {isa = PBXFileReference; lastKnownFileType = sourcecode.swift; path = LoginViewController.swift; sourceTree = "<group>"; };
		405C35B42863407E006A859F /* AuthViewModel.swift */ = {isa = PBXFileReference; lastKnownFileType = sourcecode.swift; path = AuthViewModel.swift; sourceTree = "<group>"; };
		405C35B728635121006A859F /* Utilities.swift */ = {isa = PBXFileReference; lastKnownFileType = sourcecode.swift; path = Utilities.swift; sourceTree = "<group>"; };
		405C35B92863518F006A859F /* Extensions.swift */ = {isa = PBXFileReference; lastKnownFileType = sourcecode.swift; path = Extensions.swift; sourceTree = "<group>"; };
		405C35BC2863521C006A859F /* HeaderBackgroundAuth.swift */ = {isa = PBXFileReference; lastKnownFileType = sourcecode.swift; path = HeaderBackgroundAuth.swift; sourceTree = "<group>"; };
		405C35BE2863600C006A859F /* CTAButton.swift */ = {isa = PBXFileReference; lastKnownFileType = sourcecode.swift; path = CTAButton.swift; sourceTree = "<group>"; };
/* End PBXFileReference section */

/* Begin PBXFrameworksBuildPhase section */
		405C35872862F953006A859F /* Frameworks */ = {
			isa = PBXFrameworksBuildPhase;
			buildActionMask = 2147483647;
			files = (
			);
			runOnlyForDeploymentPostprocessing = 0;
		};
/* End PBXFrameworksBuildPhase section */

/* Begin PBXGroup section */
		405C35812862F953006A859F = {
			isa = PBXGroup;
			children = (
				405C358C2862F953006A859F /* Galla */,
				405C358B2862F953006A859F /* Products */,
			);
			sourceTree = "<group>";
		};
		405C358B2862F953006A859F /* Products */ = {
			isa = PBXGroup;
			children = (
				405C358A2862F953006A859F /* Galla.app */,
			);
			name = Products;
			sourceTree = "<group>";
		};
		405C358C2862F953006A859F /* Galla */ = {
			isa = PBXGroup;
			children = (
				405C35B628635112006A859F /* Utils */,
				405C35B32863406C006A859F /* ViewModel */,
				405C35A7286307EB006A859F /* Supporting Files */,
				405C35A22862FB2E006A859F /* View */,
				405C35A12862FB23006A859F /* App */,
				405C359B2862F955006A859F /* Info.plist */,
			);
			path = Galla;
			sourceTree = "<group>";
		};
		405C35A12862FB23006A859F /* App */ = {
			isa = PBXGroup;
			children = (
				405C358D2862F953006A859F /* AppDelegate.swift */,
				405C358F2862F953006A859F /* SceneDelegate.swift */,
			);
			path = App;
			sourceTree = "<group>";
		};
		405C35A22862FB2E006A859F /* View */ = {
			isa = PBXGroup;
			children = (
				405C35BB286351F9006A859F /* Components */,
				405C35982862F955006A859F /* LaunchScreen.storyboard */,
				405C35912862F953006A859F /* RootViewController.swift */,
				405C35A32862FF79006A859F /* HomeViewController.swift */,
				405C35A52862FF84006A859F /* EmptyViewController.swift */,
				405C35B128634027006A859F /* LoginViewController.swift */,
			);
			path = View;
			sourceTree = "<group>";
		};
		405C35A7286307EB006A859F /* Supporting Files */ = {
			isa = PBXGroup;
			children = (
				405C35A8286307F9006A859F /* Fonts */,
				405C35962862F955006A859F /* Assets.xcassets */,
			);
			path = "Supporting Files";
			sourceTree = "<group>";
		};
		405C35A8286307F9006A859F /* Fonts */ = {
			isa = PBXGroup;
			children = (
				405C35AA28630820006A859F /* Poppins-Bold.ttf */,
				405C35AC28630820006A859F /* Poppins-Medium.ttf */,
				405C35AB28630820006A859F /* Poppins-Regular.ttf */,
				405C35A928630820006A859F /* Poppins-SemiBold.ttf */,
			);
			path = Fonts;
			sourceTree = "<group>";
		};
		405C35B32863406C006A859F /* ViewModel */ = {
			isa = PBXGroup;
			children = (
				405C35B42863407E006A859F /* AuthViewModel.swift */,
			);
			path = ViewModel;
			sourceTree = "<group>";
		};
		405C35B628635112006A859F /* Utils */ = {
			isa = PBXGroup;
			children = (
				405C35B728635121006A859F /* Utilities.swift */,
				405C35B92863518F006A859F /* Extensions.swift */,
			);
			path = Utils;
			sourceTree = "<group>";
		};
		405C35BB286351F9006A859F /* Components */ = {
			isa = PBXGroup;
			children = (
				405C35BC2863521C006A859F /* HeaderBackgroundAuth.swift */,
				405C35BE2863600C006A859F /* CTAButton.swift */,
			);
			path = Components;
			sourceTree = "<group>";
		};
/* End PBXGroup section */

/* Begin PBXNativeTarget section */
		405C35892862F953006A859F /* Galla */ = {
			isa = PBXNativeTarget;
			buildConfigurationList = 405C359E2862F955006A859F /* Build configuration list for PBXNativeTarget "Galla" */;
			buildPhases = (
				405C35862862F953006A859F /* Sources */,
				405C35872862F953006A859F /* Frameworks */,
				405C35882862F953006A859F /* Resources */,
			);
			buildRules = (
			);
			dependencies = (
			);
			name = Galla;
			productName = Galla;
			productReference = 405C358A2862F953006A859F /* Galla.app */;
			productType = "com.apple.product-type.application";
		};
/* End PBXNativeTarget section */

/* Begin PBXProject section */
		405C35822862F953006A859F /* Project object */ = {
			isa = PBXProject;
			attributes = {
				BuildIndependentTargetsInParallel = 1;
				LastSwiftUpdateCheck = 1340;
				LastUpgradeCheck = 1340;
				TargetAttributes = {
					405C35892862F953006A859F = {
						CreatedOnToolsVersion = 13.4.1;
					};
				};
			};
			buildConfigurationList = 405C35852862F953006A859F /* Build configuration list for PBXProject "Galla" */;
			compatibilityVersion = "Xcode 13.0";
			developmentRegion = en;
			hasScannedForEncodings = 0;
			knownRegions = (
				en,
				Base,
			);
			mainGroup = 405C35812862F953006A859F;
			productRefGroup = 405C358B2862F953006A859F /* Products */;
			projectDirPath = "";
			projectRoot = "";
			targets = (
				405C35892862F953006A859F /* Galla */,
			);
		};
/* End PBXProject section */

/* Begin PBXResourcesBuildPhase section */
		405C35882862F953006A859F /* Resources */ = {
			isa = PBXResourcesBuildPhase;
			buildActionMask = 2147483647;
			files = (
				405C35AD28630820006A859F /* Poppins-SemiBold.ttf in Resources */,
				405C359A2862F955006A859F /* LaunchScreen.storyboard in Resources */,
				405C35972862F955006A859F /* Assets.xcassets in Resources */,
				405C35B028630820006A859F /* Poppins-Medium.ttf in Resources */,
				405C35AE28630820006A859F /* Poppins-Bold.ttf in Resources */,
				405C35AF28630820006A859F /* Poppins-Regular.ttf in Resources */,
			);
			runOnlyForDeploymentPostprocessing = 0;
		};
/* End PBXResourcesBuildPhase section */

/* Begin PBXSourcesBuildPhase section */
		405C35862862F953006A859F /* Sources */ = {
			isa = PBXSourcesBuildPhase;
			buildActionMask = 2147483647;
			files = (
				405C35B228634027006A859F /* LoginViewController.swift in Sources */,
				405C35BF2863600C006A859F /* CTAButton.swift in Sources */,
				405C35BA2863518F006A859F /* Extensions.swift in Sources */,
				405C35922862F953006A859F /* RootViewController.swift in Sources */,
				405C358E2862F953006A859F /* AppDelegate.swift in Sources */,
				405C35B52863407E006A859F /* AuthViewModel.swift in Sources */,
				405C35A62862FF84006A859F /* EmptyViewController.swift in Sources */,
				405C35902862F953006A859F /* SceneDelegate.swift in Sources */,
				405C35B828635121006A859F /* Utilities.swift in Sources */,
				405C35BD2863521C006A859F /* HeaderBackgroundAuth.swift in Sources */,
				405C35A42862FF79006A859F /* HomeViewController.swift in Sources */,
			);
			runOnlyForDeploymentPostprocessing = 0;
		};
/* End PBXSourcesBuildPhase section */

/* Begin PBXVariantGroup section */
		405C35982862F955006A859F /* LaunchScreen.storyboard */ = {
			isa = PBXVariantGroup;
			children = (
				405C35992862F955006A859F /* Base */,
			);
			name = LaunchScreen.storyboard;
			sourceTree = "<group>";
		};
/* End PBXVariantGroup section */

/* Begin XCBuildConfiguration section */
		405C359C2862F955006A859F /* Debug */ = {
			isa = XCBuildConfiguration;
			buildSettings = {
				ALWAYS_SEARCH_USER_PATHS = NO;
				CLANG_ANALYZER_NONNULL = YES;
				CLANG_ANALYZER_NUMBER_OBJECT_CONVERSION = YES_AGGRESSIVE;
				CLANG_CXX_LANGUAGE_STANDARD = "gnu++17";
				CLANG_ENABLE_MODULES = YES;
				CLANG_ENABLE_OBJC_ARC = YES;
				CLANG_ENABLE_OBJC_WEAK = YES;
				CLANG_WARN_BLOCK_CAPTURE_AUTORELEASING = YES;
				CLANG_WARN_BOOL_CONVERSION = YES;
				CLANG_WARN_COMMA = YES;
				CLANG_WARN_CONSTANT_CONVERSION = YES;
				CLANG_WARN_DEPRECATED_OBJC_IMPLEMENTATIONS = YES;
				CLANG_WARN_DIRECT_OBJC_ISA_USAGE = YES_ERROR;
				CLANG_WARN_DOCUMENTATION_COMMENTS = YES;
				CLANG_WARN_EMPTY_BODY = YES;
				CLANG_WARN_ENUM_CONVERSION = YES;
				CLANG_WARN_INFINITE_RECURSION = YES;
				CLANG_WARN_INT_CONVERSION = YES;
				CLANG_WARN_NON_LITERAL_NULL_CONVERSION = YES;
				CLANG_WARN_OBJC_IMPLICIT_RETAIN_SELF = YES;
				CLANG_WARN_OBJC_LITERAL_CONVERSION = YES;
				CLANG_WARN_OBJC_ROOT_CLASS = YES_ERROR;
				CLANG_WARN_QUOTED_INCLUDE_IN_FRAMEWORK_HEADER = YES;
				CLANG_WARN_RANGE_LOOP_ANALYSIS = YES;
				CLANG_WARN_STRICT_PROTOTYPES = YES;
				CLANG_WARN_SUSPICIOUS_MOVE = YES;
				CLANG_WARN_UNGUARDED_AVAILABILITY = YES_AGGRESSIVE;
				CLANG_WARN_UNREACHABLE_CODE = YES;
				CLANG_WARN__DUPLICATE_METHOD_MATCH = YES;
				COPY_PHASE_STRIP = NO;
				DEBUG_INFORMATION_FORMAT = dwarf;
				ENABLE_STRICT_OBJC_MSGSEND = YES;
				ENABLE_TESTABILITY = YES;
				GCC_C_LANGUAGE_STANDARD = gnu11;
				GCC_DYNAMIC_NO_PIC = NO;
				GCC_NO_COMMON_BLOCKS = YES;
				GCC_OPTIMIZATION_LEVEL = 0;
				GCC_PREPROCESSOR_DEFINITIONS = (
					"DEBUG=1",
					"$(inherited)",
				);
				GCC_WARN_64_TO_32_BIT_CONVERSION = YES;
				GCC_WARN_ABOUT_RETURN_TYPE = YES_ERROR;
				GCC_WARN_UNDECLARED_SELECTOR = YES;
				GCC_WARN_UNINITIALIZED_AUTOS = YES_AGGRESSIVE;
				GCC_WARN_UNUSED_FUNCTION = YES;
				GCC_WARN_UNUSED_VARIABLE = YES;
				IPHONEOS_DEPLOYMENT_TARGET = 15.5;
				MTL_ENABLE_DEBUG_INFO = INCLUDE_SOURCE;
				MTL_FAST_MATH = YES;
				ONLY_ACTIVE_ARCH = YES;
				SDKROOT = iphoneos;
				SWIFT_ACTIVE_COMPILATION_CONDITIONS = DEBUG;
				SWIFT_OPTIMIZATION_LEVEL = "-Onone";
			};
			name = Debug;
		};
		405C359D2862F955006A859F /* Release */ = {
			isa = XCBuildConfiguration;
			buildSettings = {
				ALWAYS_SEARCH_USER_PATHS = NO;
				CLANG_ANALYZER_NONNULL = YES;
				CLANG_ANALYZER_NUMBER_OBJECT_CONVERSION = YES_AGGRESSIVE;
				CLANG_CXX_LANGUAGE_STANDARD = "gnu++17";
				CLANG_ENABLE_MODULES = YES;
				CLANG_ENABLE_OBJC_ARC = YES;
				CLANG_ENABLE_OBJC_WEAK = YES;
				CLANG_WARN_BLOCK_CAPTURE_AUTORELEASING = YES;
				CLANG_WARN_BOOL_CONVERSION = YES;
				CLANG_WARN_COMMA = YES;
				CLANG_WARN_CONSTANT_CONVERSION = YES;
				CLANG_WARN_DEPRECATED_OBJC_IMPLEMENTATIONS = YES;
				CLANG_WARN_DIRECT_OBJC_ISA_USAGE = YES_ERROR;
				CLANG_WARN_DOCUMENTATION_COMMENTS = YES;
				CLANG_WARN_EMPTY_BODY = YES;
				CLANG_WARN_ENUM_CONVERSION = YES;
				CLANG_WARN_INFINITE_RECURSION = YES;
				CLANG_WARN_INT_CONVERSION = YES;
				CLANG_WARN_NON_LITERAL_NULL_CONVERSION = YES;
				CLANG_WARN_OBJC_IMPLICIT_RETAIN_SELF = YES;
				CLANG_WARN_OBJC_LITERAL_CONVERSION = YES;
				CLANG_WARN_OBJC_ROOT_CLASS = YES_ERROR;
				CLANG_WARN_QUOTED_INCLUDE_IN_FRAMEWORK_HEADER = YES;
				CLANG_WARN_RANGE_LOOP_ANALYSIS = YES;
				CLANG_WARN_STRICT_PROTOTYPES = YES;
				CLANG_WARN_SUSPICIOUS_MOVE = YES;
				CLANG_WARN_UNGUARDED_AVAILABILITY = YES_AGGRESSIVE;
				CLANG_WARN_UNREACHABLE_CODE = YES;
				CLANG_WARN__DUPLICATE_METHOD_MATCH = YES;
				COPY_PHASE_STRIP = NO;
				DEBUG_INFORMATION_FORMAT = "dwarf-with-dsym";
				ENABLE_NS_ASSERTIONS = NO;
				ENABLE_STRICT_OBJC_MSGSEND = YES;
				GCC_C_LANGUAGE_STANDARD = gnu11;
				GCC_NO_COMMON_BLOCKS = YES;
				GCC_WARN_64_TO_32_BIT_CONVERSION = YES;
				GCC_WARN_ABOUT_RETURN_TYPE = YES_ERROR;
				GCC_WARN_UNDECLARED_SELECTOR = YES;
				GCC_WARN_UNINITIALIZED_AUTOS = YES_AGGRESSIVE;
				GCC_WARN_UNUSED_FUNCTION = YES;
				GCC_WARN_UNUSED_VARIABLE = YES;
				IPHONEOS_DEPLOYMENT_TARGET = 15.5;
				MTL_ENABLE_DEBUG_INFO = NO;
				MTL_FAST_MATH = YES;
				SDKROOT = iphoneos;
				SWIFT_COMPILATION_MODE = wholemodule;
				SWIFT_OPTIMIZATION_LEVEL = "-O";
				VALIDATE_PRODUCT = YES;
			};
			name = Release;
		};
		405C359F2862F955006A859F /* Debug */ = {
			isa = XCBuildConfiguration;
			buildSettings = {
				ASSETCATALOG_COMPILER_APPICON_NAME = AppIcon;
				ASSETCATALOG_COMPILER_GLOBAL_ACCENT_COLOR_NAME = AccentColor;
				CODE_SIGN_STYLE = Automatic;
				CURRENT_PROJECT_VERSION = 1;
				DEVELOPMENT_TEAM = D7589S3EHF;
				GENERATE_INFOPLIST_FILE = YES;
				INFOPLIST_FILE = Galla/Info.plist;
				INFOPLIST_KEY_UIApplicationSupportsIndirectInputEvents = YES;
				INFOPLIST_KEY_UILaunchStoryboardName = LaunchScreen;
				INFOPLIST_KEY_UISupportedInterfaceOrientations_iPad = "UIInterfaceOrientationPortrait UIInterfaceOrientationPortraitUpsideDown UIInterfaceOrientationLandscapeLeft UIInterfaceOrientationLandscapeRight";
				INFOPLIST_KEY_UISupportedInterfaceOrientations_iPhone = "UIInterfaceOrientationPortrait UIInterfaceOrientationLandscapeLeft UIInterfaceOrientationLandscapeRight";
				LD_RUNPATH_SEARCH_PATHS = (
					"$(inherited)",
					"@executable_path/Frameworks",
				);
				MARKETING_VERSION = 1.0;
				PRODUCT_BUNDLE_IDENTIFIER = com.dimas.Galla;
				PRODUCT_NAME = "$(TARGET_NAME)";
				SWIFT_EMIT_LOC_STRINGS = YES;
				SWIFT_VERSION = 5.0;
				TARGETED_DEVICE_FAMILY = "1,2";
			};
			name = Debug;
		};
		405C35A02862F955006A859F /* Release */ = {
			isa = XCBuildConfiguration;
			buildSettings = {
				ASSETCATALOG_COMPILER_APPICON_NAME = AppIcon;
				ASSETCATALOG_COMPILER_GLOBAL_ACCENT_COLOR_NAME = AccentColor;
				CODE_SIGN_STYLE = Automatic;
				CURRENT_PROJECT_VERSION = 1;
				DEVELOPMENT_TEAM = D7589S3EHF;
				GENERATE_INFOPLIST_FILE = YES;
				INFOPLIST_FILE = Galla/Info.plist;
				INFOPLIST_KEY_UIApplicationSupportsIndirectInputEvents = YES;
				INFOPLIST_KEY_UILaunchStoryboardName = LaunchScreen;
				INFOPLIST_KEY_UISupportedInterfaceOrientations_iPad = "UIInterfaceOrientationPortrait UIInterfaceOrientationPortraitUpsideDown UIInterfaceOrientationLandscapeLeft UIInterfaceOrientationLandscapeRight";
				INFOPLIST_KEY_UISupportedInterfaceOrientations_iPhone = "UIInterfaceOrientationPortrait UIInterfaceOrientationLandscapeLeft UIInterfaceOrientationLandscapeRight";
				LD_RUNPATH_SEARCH_PATHS = (
					"$(inherited)",
					"@executable_path/Frameworks",
				);
				MARKETING_VERSION = 1.0;
				PRODUCT_BUNDLE_IDENTIFIER = com.dimas.Galla;
				PRODUCT_NAME = "$(TARGET_NAME)";
				SWIFT_EMIT_LOC_STRINGS = YES;
				SWIFT_VERSION = 5.0;
				TARGETED_DEVICE_FAMILY = "1,2";
			};
			name = Release;
		};
/* End XCBuildConfiguration section */

/* Begin XCConfigurationList section */
		405C35852862F953006A859F /* Build configuration list for PBXProject "Galla" */ = {
			isa = XCConfigurationList;
			buildConfigurations = (
				405C359C2862F955006A859F /* Debug */,
				405C359D2862F955006A859F /* Release */,
			);
			defaultConfigurationIsVisible = 0;
			defaultConfigurationName = Release;
		};
		405C359E2862F955006A859F /* Build configuration list for PBXNativeTarget "Galla" */ = {
			isa = XCConfigurationList;
			buildConfigurations = (
				405C359F2862F955006A859F /* Debug */,
				405C35A02862F955006A859F /* Release */,
			);
			defaultConfigurationIsVisible = 0;
			defaultConfigurationName = Release;
		};
/* End XCConfigurationList section */
	};
	rootObject = 405C35822862F953006A859F /* Project object */;
}
