// !$*UTF8*$!
{
	archiveVersion = 1;
	classes = {
	};
	objectVersion = 55;
	objects = {

/* Begin PBXBuildFile section */
		405C358E2862F953006A859F /* AppDelegate.swift in Sources */ = {isa = PBXBuildFile; fileRef = 405C358D2862F953006A859F /* AppDelegate.swift */; };
		405C35902862F953006A859F /* SceneDelegate.swift in Sources */ = {isa = PBXBuildFile; fileRef = 405C358F2862F953006A859F /* SceneDelegate.swift */; };
		405C35922862F953006A859F /* RootViewController.swift in Sources */ = {isa = PBXBuildFile; fileRef = 405C35912862F953006A859F /* RootViewController.swift */; };
		405C35972862F955006A859F /* Assets.xcassets in Resources */ = {isa = PBXBuildFile; fileRef = 405C35962862F955006A859F /* Assets.xcassets */; };
		405C359A2862F955006A859F /* LaunchScreen.storyboard in Resources */ = {isa = PBXBuildFile; fileRef = 405C35982862F955006A859F /* LaunchScreen.storyboard */; };
		405C35A42862FF79006A859F /* HomeViewController.swift in Sources */ = {isa = PBXBuildFile; fileRef = 405C35A32862FF79006A859F /* HomeViewController.swift */; };
		405C35A62862FF84006A859F /* EmptyViewController.swift in Sources */ = {isa = PBXBuildFile; fileRef = 405C35A52862FF84006A859F /* EmptyViewController.swift */; };
		405C35AD28630820006A859F /* Poppins-SemiBold.ttf in Resources */ = {isa = PBXBuildFile; fileRef = 405C35A928630820006A859F /* Poppins-SemiBold.ttf */; };
		405C35AE28630820006A859F /* Poppins-Bold.ttf in Resources */ = {isa = PBXBuildFile; fileRef = 405C35AA28630820006A859F /* Poppins-Bold.ttf */; };
		405C35AF28630820006A859F /* Poppins-Regular.ttf in Resources */ = {isa = PBXBuildFile; fileRef = 405C35AB28630820006A859F /* Poppins-Regular.ttf */; };
		405C35B028630820006A859F /* Poppins-Medium.ttf in Resources */ = {isa = PBXBuildFile; fileRef = 405C35AC28630820006A859F /* Poppins-Medium.ttf */; };
		405C35B228634027006A859F /* LoginViewController.swift in Sources */ = {isa = PBXBuildFile; fileRef = 405C35B128634027006A859F /* LoginViewController.swift */; };
		405C35B52863407E006A859F /* UserViewModel.swift in Sources */ = {isa = PBXBuildFile; fileRef = 405C35B42863407E006A859F /* UserViewModel.swift */; };
		405C35B828635121006A859F /* Utilities.swift in Sources */ = {isa = PBXBuildFile; fileRef = 405C35B728635121006A859F /* Utilities.swift */; };
		405C35BA2863518F006A859F /* Extensions.swift in Sources */ = {isa = PBXBuildFile; fileRef = 405C35B92863518F006A859F /* Extensions.swift */; };
		405C35BD2863521C006A859F /* HeaderBackgroundAuth.swift in Sources */ = {isa = PBXBuildFile; fileRef = 405C35BC2863521C006A859F /* HeaderBackgroundAuth.swift */; };
		405C35BF2863600C006A859F /* CTAButton.swift in Sources */ = {isa = PBXBuildFile; fileRef = 405C35BE2863600C006A859F /* CTAButton.swift */; };
		405C35C22863660F006A859F /* RegisterViewController.swift in Sources */ = {isa = PBXBuildFile; fileRef = 405C35C12863660F006A859F /* RegisterViewController.swift */; };
		405C35C4286405AE006A859F /* Observable.swift in Sources */ = {isa = PBXBuildFile; fileRef = 405C35C3286405AD006A859F /* Observable.swift */; };
		407C9D7C2865A05900F3CB27 /* UserUseCase.swift in Sources */ = {isa = PBXBuildFile; fileRef = 407C9D7B2865A05900F3CB27 /* UserUseCase.swift */; };
		407C9D7F2865A1EC00F3CB27 /* Error.swift in Sources */ = {isa = PBXBuildFile; fileRef = 407C9D7E2865A1EC00F3CB27 /* Error.swift */; };
		407C9D812865A2FC00F3CB27 /* UserRepository.swift in Sources */ = {isa = PBXBuildFile; fileRef = 407C9D802865A2FC00F3CB27 /* UserRepository.swift */; };
		407C9D852865A4FE00F3CB27 /* UserRepositoryImplementation.swift in Sources */ = {isa = PBXBuildFile; fileRef = 407C9D842865A4FE00F3CB27 /* UserRepositoryImplementation.swift */; };
		407C9D892865A5A000F3CB27 /* UserRemoteDataSource.swift in Sources */ = {isa = PBXBuildFile; fileRef = 407C9D882865A5A000F3CB27 /* UserRemoteDataSource.swift */; };
		407C9D8B2865AA3200F3CB27 /* Constants.swift in Sources */ = {isa = PBXBuildFile; fileRef = 407C9D8A2865AA3200F3CB27 /* Constants.swift */; };
		407C9D8D2865C5E000F3CB27 /* UserService.swift in Sources */ = {isa = PBXBuildFile; fileRef = 407C9D8C2865C5E000F3CB27 /* UserService.swift */; };
		407C9D8F2865C81B00F3CB27 /* Injection.swift in Sources */ = {isa = PBXBuildFile; fileRef = 407C9D8E2865C81B00F3CB27 /* Injection.swift */; };
		407C9D91286605B500F3CB27 /* CustomResponseHandler.swift in Sources */ = {isa = PBXBuildFile; fileRef = 407C9D90286605B500F3CB27 /* CustomResponseHandler.swift */; };
		407C9D93286631DB00F3CB27 /* Spinner.swift in Sources */ = {isa = PBXBuildFile; fileRef = 407C9D92286631DB00F3CB27 /* Spinner.swift */; };
		407C9D952866CACF00F3CB27 /* UserLocalDataSource.swift in Sources */ = {isa = PBXBuildFile; fileRef = 407C9D942866CACF00F3CB27 /* UserLocalDataSource.swift */; };
		407C9D9D28677DD500F3CB27 /* GallaTests.swift in Sources */ = {isa = PBXBuildFile; fileRef = 407C9D9C28677DD500F3CB27 /* GallaTests.swift */; };
		40ABA996286945EB00E3346B /* UpcomingEventCell.swift in Sources */ = {isa = PBXBuildFile; fileRef = 40ABA995286945EB00E3346B /* UpcomingEventCell.swift */; };
		40ABA99A28695C9900E3346B /* TitleHeaderCollectionReusableView.swift in Sources */ = {isa = PBXBuildFile; fileRef = 40ABA99928695C9900E3346B /* TitleHeaderCollectionReusableView.swift */; };
		40ABA99C2869F48300E3346B /* PopularEventCell.swift in Sources */ = {isa = PBXBuildFile; fileRef = 40ABA99B2869F48300E3346B /* PopularEventCell.swift */; };
		40B18A2C28659BF700F7DE74 /* BaseResponse.swift in Sources */ = {isa = PBXBuildFile; fileRef = 40B18A2B28659BF700F7DE74 /* BaseResponse.swift */; };
		40B18A2F28659E6A00F7DE74 /* User.swift in Sources */ = {isa = PBXBuildFile; fileRef = 40B18A2E28659E6A00F7DE74 /* User.swift */; };
		40F2D602286AB90C00F57DAC /* Event.swift in Sources */ = {isa = PBXBuildFile; fileRef = 40F2D601286AB90C00F57DAC /* Event.swift */; };
		40F2D604286AB9C100F57DAC /* EventViewModel.swift in Sources */ = {isa = PBXBuildFile; fileRef = 40F2D603286AB9C100F57DAC /* EventViewModel.swift */; };
		40F2D606286AB9F900F57DAC /* EventRepository.swift in Sources */ = {isa = PBXBuildFile; fileRef = 40F2D605286AB9F900F57DAC /* EventRepository.swift */; };
		40F2D608286ABB4D00F57DAC /* EventUseCase.swift in Sources */ = {isa = PBXBuildFile; fileRef = 40F2D607286ABB4D00F57DAC /* EventUseCase.swift */; };
		40F2D60A286ABBA900F57DAC /* EventService.swift in Sources */ = {isa = PBXBuildFile; fileRef = 40F2D609286ABBA900F57DAC /* EventService.swift */; };
		40F2D60C286ABBC900F57DAC /* EventRepositoryImplementation.swift in Sources */ = {isa = PBXBuildFile; fileRef = 40F2D60B286ABBC900F57DAC /* EventRepositoryImplementation.swift */; };
		40F2D60E286ABBEA00F57DAC /* EventRemoteDataSource.swift in Sources */ = {isa = PBXBuildFile; fileRef = 40F2D60D286ABBEA00F57DAC /* EventRemoteDataSource.swift */; };
		40F2D611286AEA7900F57DAC /* SDWebImage in Frameworks */ = {isa = PBXBuildFile; productRef = 40F2D610286AEA7900F57DAC /* SDWebImage */; };
/* End PBXBuildFile section */

/* Begin PBXContainerItemProxy section */
		407C9D9E28677DD500F3CB27 /* PBXContainerItemProxy */ = {
			isa = PBXContainerItemProxy;
			containerPortal = 405C35822862F953006A859F /* Project object */;
			proxyType = 1;
			remoteGlobalIDString = 405C35892862F953006A859F;
			remoteInfo = Galla;
		};
/* End PBXContainerItemProxy section */

/* Begin PBXFileReference section */
		405C358A2862F953006A859F /* Galla.app */ = {isa = PBXFileReference; explicitFileType = wrapper.application; includeInIndex = 0; path = Galla.app; sourceTree = BUILT_PRODUCTS_DIR; };
		405C358D2862F953006A859F /* AppDelegate.swift */ = {isa = PBXFileReference; lastKnownFileType = sourcecode.swift; path = AppDelegate.swift; sourceTree = "<group>"; };
		405C358F2862F953006A859F /* SceneDelegate.swift */ = {isa = PBXFileReference; lastKnownFileType = sourcecode.swift; path = SceneDelegate.swift; sourceTree = "<group>"; };
		405C35912862F953006A859F /* RootViewController.swift */ = {isa = PBXFileReference; lastKnownFileType = sourcecode.swift; path = RootViewController.swift; sourceTree = "<group>"; };
		405C35962862F955006A859F /* Assets.xcassets */ = {isa = PBXFileReference; lastKnownFileType = folder.assetcatalog; path = Assets.xcassets; sourceTree = "<group>"; };
		405C35992862F955006A859F /* Base */ = {isa = PBXFileReference; lastKnownFileType = file.storyboard; name = Base; path = Base.lproj/LaunchScreen.storyboard; sourceTree = "<group>"; };
		405C359B2862F955006A859F /* Info.plist */ = {isa = PBXFileReference; lastKnownFileType = text.plist.xml; path = Info.plist; sourceTree = "<group>"; };
		405C35A32862FF79006A859F /* HomeViewController.swift */ = {isa = PBXFileReference; lastKnownFileType = sourcecode.swift; path = HomeViewController.swift; sourceTree = "<group>"; };
		405C35A52862FF84006A859F /* EmptyViewController.swift */ = {isa = PBXFileReference; lastKnownFileType = sourcecode.swift; path = EmptyViewController.swift; sourceTree = "<group>"; };
		405C35A928630820006A859F /* Poppins-SemiBold.ttf */ = {isa = PBXFileReference; lastKnownFileType = file; path = "Poppins-SemiBold.ttf"; sourceTree = "<group>"; };
		405C35AA28630820006A859F /* Poppins-Bold.ttf */ = {isa = PBXFileReference; lastKnownFileType = file; path = "Poppins-Bold.ttf"; sourceTree = "<group>"; };
		405C35AB28630820006A859F /* Poppins-Regular.ttf */ = {isa = PBXFileReference; lastKnownFileType = file; path = "Poppins-Regular.ttf"; sourceTree = "<group>"; };
		405C35AC28630820006A859F /* Poppins-Medium.ttf */ = {isa = PBXFileReference; lastKnownFileType = file; path = "Poppins-Medium.ttf"; sourceTree = "<group>"; };
		405C35B128634027006A859F /* LoginViewController.swift */ = {isa = PBXFileReference; lastKnownFileType = sourcecode.swift; path = LoginViewController.swift; sourceTree = "<group>"; };
		405C35B42863407E006A859F /* UserViewModel.swift */ = {isa = PBXFileReference; lastKnownFileType = sourcecode.swift; path = UserViewModel.swift; sourceTree = "<group>"; };
		405C35B728635121006A859F /* Utilities.swift */ = {isa = PBXFileReference; lastKnownFileType = sourcecode.swift; path = Utilities.swift; sourceTree = "<group>"; };
		405C35B92863518F006A859F /* Extensions.swift */ = {isa = PBXFileReference; lastKnownFileType = sourcecode.swift; path = Extensions.swift; sourceTree = "<group>"; };
		405C35BC2863521C006A859F /* HeaderBackgroundAuth.swift */ = {isa = PBXFileReference; lastKnownFileType = sourcecode.swift; path = HeaderBackgroundAuth.swift; sourceTree = "<group>"; };
		405C35BE2863600C006A859F /* CTAButton.swift */ = {isa = PBXFileReference; lastKnownFileType = sourcecode.swift; path = CTAButton.swift; sourceTree = "<group>"; };
		405C35C12863660F006A859F /* RegisterViewController.swift */ = {isa = PBXFileReference; lastKnownFileType = sourcecode.swift; path = RegisterViewController.swift; sourceTree = "<group>"; };
		405C35C3286405AD006A859F /* Observable.swift */ = {isa = PBXFileReference; lastKnownFileType = sourcecode.swift; path = Observable.swift; sourceTree = "<group>"; };
		407C9D7B2865A05900F3CB27 /* UserUseCase.swift */ = {isa = PBXFileReference; lastKnownFileType = sourcecode.swift; path = UserUseCase.swift; sourceTree = "<group>"; };
		407C9D7E2865A1EC00F3CB27 /* Error.swift */ = {isa = PBXFileReference; lastKnownFileType = sourcecode.swift; path = Error.swift; sourceTree = "<group>"; };
		407C9D802865A2FC00F3CB27 /* UserRepository.swift */ = {isa = PBXFileReference; lastKnownFileType = sourcecode.swift; path = UserRepository.swift; sourceTree = "<group>"; };
		407C9D842865A4FE00F3CB27 /* UserRepositoryImplementation.swift */ = {isa = PBXFileReference; lastKnownFileType = sourcecode.swift; path = UserRepositoryImplementation.swift; sourceTree = "<group>"; };
		407C9D882865A5A000F3CB27 /* UserRemoteDataSource.swift */ = {isa = PBXFileReference; lastKnownFileType = sourcecode.swift; path = UserRemoteDataSource.swift; sourceTree = "<group>"; };
		407C9D8A2865AA3200F3CB27 /* Constants.swift */ = {isa = PBXFileReference; lastKnownFileType = sourcecode.swift; path = Constants.swift; sourceTree = "<group>"; };
		407C9D8C2865C5E000F3CB27 /* UserService.swift */ = {isa = PBXFileReference; lastKnownFileType = sourcecode.swift; path = UserService.swift; sourceTree = "<group>"; };
		407C9D8E2865C81B00F3CB27 /* Injection.swift */ = {isa = PBXFileReference; lastKnownFileType = sourcecode.swift; path = Injection.swift; sourceTree = "<group>"; };
		407C9D90286605B500F3CB27 /* CustomResponseHandler.swift */ = {isa = PBXFileReference; lastKnownFileType = sourcecode.swift; path = CustomResponseHandler.swift; sourceTree = "<group>"; };
		407C9D92286631DB00F3CB27 /* Spinner.swift */ = {isa = PBXFileReference; lastKnownFileType = sourcecode.swift; path = Spinner.swift; sourceTree = "<group>"; };
		407C9D942866CACF00F3CB27 /* UserLocalDataSource.swift */ = {isa = PBXFileReference; lastKnownFileType = sourcecode.swift; path = UserLocalDataSource.swift; sourceTree = "<group>"; };
		407C9D9A28677DD400F3CB27 /* GallaTests.xctest */ = {isa = PBXFileReference; explicitFileType = wrapper.cfbundle; includeInIndex = 0; path = GallaTests.xctest; sourceTree = BUILT_PRODUCTS_DIR; };
		407C9D9C28677DD500F3CB27 /* GallaTests.swift */ = {isa = PBXFileReference; lastKnownFileType = sourcecode.swift; path = GallaTests.swift; sourceTree = "<group>"; };
		40ABA995286945EB00E3346B /* UpcomingEventCell.swift */ = {isa = PBXFileReference; lastKnownFileType = sourcecode.swift; path = UpcomingEventCell.swift; sourceTree = "<group>"; };
		40ABA99928695C9900E3346B /* TitleHeaderCollectionReusableView.swift */ = {isa = PBXFileReference; lastKnownFileType = sourcecode.swift; path = TitleHeaderCollectionReusableView.swift; sourceTree = "<group>"; };
		40ABA99B2869F48300E3346B /* PopularEventCell.swift */ = {isa = PBXFileReference; lastKnownFileType = sourcecode.swift; path = PopularEventCell.swift; sourceTree = "<group>"; };
		40B18A2B28659BF700F7DE74 /* BaseResponse.swift */ = {isa = PBXFileReference; lastKnownFileType = sourcecode.swift; path = BaseResponse.swift; sourceTree = "<group>"; };
		40B18A2E28659E6A00F7DE74 /* User.swift */ = {isa = PBXFileReference; lastKnownFileType = sourcecode.swift; path = User.swift; sourceTree = "<group>"; };
		40F2D601286AB90C00F57DAC /* Event.swift */ = {isa = PBXFileReference; lastKnownFileType = sourcecode.swift; path = Event.swift; sourceTree = "<group>"; };
		40F2D603286AB9C100F57DAC /* EventViewModel.swift */ = {isa = PBXFileReference; lastKnownFileType = sourcecode.swift; path = EventViewModel.swift; sourceTree = "<group>"; };
		40F2D605286AB9F900F57DAC /* EventRepository.swift */ = {isa = PBXFileReference; lastKnownFileType = sourcecode.swift; path = EventRepository.swift; sourceTree = "<group>"; };
		40F2D607286ABB4D00F57DAC /* EventUseCase.swift */ = {isa = PBXFileReference; lastKnownFileType = sourcecode.swift; path = EventUseCase.swift; sourceTree = "<group>"; };
		40F2D609286ABBA900F57DAC /* EventService.swift */ = {isa = PBXFileReference; lastKnownFileType = sourcecode.swift; path = EventService.swift; sourceTree = "<group>"; };
		40F2D60B286ABBC900F57DAC /* EventRepositoryImplementation.swift */ = {isa = PBXFileReference; lastKnownFileType = sourcecode.swift; path = EventRepositoryImplementation.swift; sourceTree = "<group>"; };
		40F2D60D286ABBEA00F57DAC /* EventRemoteDataSource.swift */ = {isa = PBXFileReference; lastKnownFileType = sourcecode.swift; path = EventRemoteDataSource.swift; sourceTree = "<group>"; };
/* End PBXFileReference section */

/* Begin PBXFrameworksBuildPhase section */
		405C35872862F953006A859F /* Frameworks */ = {
			isa = PBXFrameworksBuildPhase;
			buildActionMask = 2147483647;
			files = (
				40F2D611286AEA7900F57DAC /* SDWebImage in Frameworks */,
			);
			runOnlyForDeploymentPostprocessing = 0;
		};
		407C9D9728677DD400F3CB27 /* Frameworks */ = {
			isa = PBXFrameworksBuildPhase;
			buildActionMask = 2147483647;
			files = (
			);
			runOnlyForDeploymentPostprocessing = 0;
		};
/* End PBXFrameworksBuildPhase section */

/* Begin PBXGroup section */
		405C35812862F953006A859F = {
			isa = PBXGroup;
			children = (
				405C358C2862F953006A859F /* Galla */,
				407C9D9B28677DD500F3CB27 /* GallaTests */,
				405C358B2862F953006A859F /* Products */,
			);
			sourceTree = "<group>";
		};
		405C358B2862F953006A859F /* Products */ = {
			isa = PBXGroup;
			children = (
				405C358A2862F953006A859F /* Galla.app */,
				407C9D9A28677DD400F3CB27 /* GallaTests.xctest */,
			);
			name = Products;
			sourceTree = "<group>";
		};
		405C358C2862F953006A859F /* Galla */ = {
			isa = PBXGroup;
			children = (
				405C35C72864D2FC006A859F /* Data */,
				405C35C62864D2E9006A859F /* Domain */,
				405C35C52864D2E1006A859F /* Presentation */,
				405C35B628635112006A859F /* Utils */,
				405C35A7286307EB006A859F /* Supporting Files */,
				405C35A12862FB23006A859F /* App */,
				405C359B2862F955006A859F /* Info.plist */,
			);
			path = Galla;
			sourceTree = "<group>";
		};
		405C35A12862FB23006A859F /* App */ = {
			isa = PBXGroup;
			children = (
				405C358D2862F953006A859F /* AppDelegate.swift */,
				405C358F2862F953006A859F /* SceneDelegate.swift */,
			);
			path = App;
			sourceTree = "<group>";
		};
		405C35A22862FB2E006A859F /* View */ = {
			isa = PBXGroup;
			children = (
				40ABA99728694FAE00E3346B /* Storyboard */,
				405C35C0286365FF006A859F /* Auth */,
				405C35BB286351F9006A859F /* Components */,
				405C35912862F953006A859F /* RootViewController.swift */,
				405C35A32862FF79006A859F /* HomeViewController.swift */,
				405C35A52862FF84006A859F /* EmptyViewController.swift */,
			);
			path = View;
			sourceTree = "<group>";
		};
		405C35A7286307EB006A859F /* Supporting Files */ = {
			isa = PBXGroup;
			children = (
				405C35A8286307F9006A859F /* Fonts */,
				405C35962862F955006A859F /* Assets.xcassets */,
			);
			path = "Supporting Files";
			sourceTree = "<group>";
		};
		405C35A8286307F9006A859F /* Fonts */ = {
			isa = PBXGroup;
			children = (
				405C35AA28630820006A859F /* Poppins-Bold.ttf */,
				405C35AC28630820006A859F /* Poppins-Medium.ttf */,
				405C35AB28630820006A859F /* Poppins-Regular.ttf */,
				405C35A928630820006A859F /* Poppins-SemiBold.ttf */,
			);
			path = Fonts;
			sourceTree = "<group>";
		};
		405C35B32863406C006A859F /* ViewModel */ = {
			isa = PBXGroup;
			children = (
				405C35B42863407E006A859F /* UserViewModel.swift */,
				40F2D603286AB9C100F57DAC /* EventViewModel.swift */,
			);
			path = ViewModel;
			sourceTree = "<group>";
		};
		405C35B628635112006A859F /* Utils */ = {
			isa = PBXGroup;
			children = (
				405C35B728635121006A859F /* Utilities.swift */,
				405C35B92863518F006A859F /* Extensions.swift */,
				405C35C3286405AD006A859F /* Observable.swift */,
				407C9D7E2865A1EC00F3CB27 /* Error.swift */,
				407C9D8A2865AA3200F3CB27 /* Constants.swift */,
				407C9D8E2865C81B00F3CB27 /* Injection.swift */,
				407C9D90286605B500F3CB27 /* CustomResponseHandler.swift */,
			);
			path = Utils;
			sourceTree = "<group>";
		};
		405C35BB286351F9006A859F /* Components */ = {
			isa = PBXGroup;
			children = (
				405C35BC2863521C006A859F /* HeaderBackgroundAuth.swift */,
				405C35BE2863600C006A859F /* CTAButton.swift */,
				407C9D92286631DB00F3CB27 /* Spinner.swift */,
				40ABA995286945EB00E3346B /* UpcomingEventCell.swift */,
				40ABA99B2869F48300E3346B /* PopularEventCell.swift */,
				40ABA99928695C9900E3346B /* TitleHeaderCollectionReusableView.swift */,
			);
			path = Components;
			sourceTree = "<group>";
		};
		405C35C0286365FF006A859F /* Auth */ = {
			isa = PBXGroup;
			children = (
				405C35B128634027006A859F /* LoginViewController.swift */,
				405C35C12863660F006A859F /* RegisterViewController.swift */,
			);
			path = Auth;
			sourceTree = "<group>";
		};
		405C35C52864D2E1006A859F /* Presentation */ = {
			isa = PBXGroup;
			children = (
				405C35B32863406C006A859F /* ViewModel */,
				405C35A22862FB2E006A859F /* View */,
			);
			path = Presentation;
			sourceTree = "<group>";
		};
		405C35C62864D2E9006A859F /* Domain */ = {
			isa = PBXGroup;
			children = (
				405C35CA2864D369006A859F /* UseCase */,
				405C35C92864D35A006A859F /* RepositoryProtocol */,
				405C35C82864D352006A859F /* Model */,
			);
			path = Domain;
			sourceTree = "<group>";
		};
		405C35C72864D2FC006A859F /* Data */ = {
			isa = PBXGroup;
			children = (
				407C9D832865A4C500F3CB27 /* DataSource */,
				407C9D822865A4BE00F3CB27 /* Repository */,
			);
			path = Data;
			sourceTree = "<group>";
		};
		405C35C82864D352006A859F /* Model */ = {
			isa = PBXGroup;
			children = (
				40B18A2B28659BF700F7DE74 /* BaseResponse.swift */,
				40B18A2E28659E6A00F7DE74 /* User.swift */,
				40F2D601286AB90C00F57DAC /* Event.swift */,
			);
			path = Model;
			sourceTree = "<group>";
		};
		405C35C92864D35A006A859F /* RepositoryProtocol */ = {
			isa = PBXGroup;
			children = (
				407C9D802865A2FC00F3CB27 /* UserRepository.swift */,
				40F2D605286AB9F900F57DAC /* EventRepository.swift */,
			);
			path = RepositoryProtocol;
			sourceTree = "<group>";
		};
		405C35CA2864D369006A859F /* UseCase */ = {
			isa = PBXGroup;
			children = (
				407C9D7B2865A05900F3CB27 /* UserUseCase.swift */,
				407C9D8C2865C5E000F3CB27 /* UserService.swift */,
				40F2D607286ABB4D00F57DAC /* EventUseCase.swift */,
				40F2D609286ABBA900F57DAC /* EventService.swift */,
			);
			path = UseCase;
			sourceTree = "<group>";
		};
		407C9D822865A4BE00F3CB27 /* Repository */ = {
			isa = PBXGroup;
			children = (
				40F2D60B286ABBC900F57DAC /* EventRepositoryImplementation.swift */,
				407C9D842865A4FE00F3CB27 /* UserRepositoryImplementation.swift */,
			);
			path = Repository;
			sourceTree = "<group>";
		};
		407C9D832865A4C500F3CB27 /* DataSource */ = {
			isa = PBXGroup;
			children = (
				407C9D872865A55500F3CB27 /* RemoteDataSource */,
				407C9D862865A54E00F3CB27 /* LocalDataSource */,
			);
			path = DataSource;
			sourceTree = "<group>";
		};
		407C9D862865A54E00F3CB27 /* LocalDataSource */ = {
			isa = PBXGroup;
			children = (
				407C9D942866CACF00F3CB27 /* UserLocalDataSource.swift */,
			);
			path = LocalDataSource;
			sourceTree = "<group>";
		};
		407C9D872865A55500F3CB27 /* RemoteDataSource */ = {
			isa = PBXGroup;
			children = (
				407C9D882865A5A000F3CB27 /* UserRemoteDataSource.swift */,
				40F2D60D286ABBEA00F57DAC /* EventRemoteDataSource.swift */,
			);
			path = RemoteDataSource;
			sourceTree = "<group>";
		};
		407C9D9B28677DD500F3CB27 /* GallaTests */ = {
			isa = PBXGroup;
			children = (
				407C9D9C28677DD500F3CB27 /* GallaTests.swift */,
			);
			path = GallaTests;
			sourceTree = "<group>";
		};
		40ABA99728694FAE00E3346B /* Storyboard */ = {
			isa = PBXGroup;
			children = (
				405C35982862F955006A859F /* LaunchScreen.storyboard */,
			);
			path = Storyboard;
			sourceTree = "<group>";
		};
/* End PBXGroup section */

/* Begin PBXNativeTarget section */
		405C35892862F953006A859F /* Galla */ = {
			isa = PBXNativeTarget;
			buildConfigurationList = 405C359E2862F955006A859F /* Build configuration list for PBXNativeTarget "Galla" */;
			buildPhases = (
				405C35862862F953006A859F /* Sources */,
				405C35872862F953006A859F /* Frameworks */,
				405C35882862F953006A859F /* Resources */,
			);
			buildRules = (
			);
			dependencies = (
			);
			name = Galla;
			packageProductDependencies = (
				40F2D610286AEA7900F57DAC /* SDWebImage */,
			);
			productName = Galla;
			productReference = 405C358A2862F953006A859F /* Galla.app */;
			productType = "com.apple.product-type.application";
		};
		407C9D9928677DD400F3CB27 /* GallaTests */ = {
			isa = PBXNativeTarget;
			buildConfigurationList = 407C9DA028677DD500F3CB27 /* Build configuration list for PBXNativeTarget "GallaTests" */;
			buildPhases = (
				407C9D9628677DD400F3CB27 /* Sources */,
				407C9D9728677DD400F3CB27 /* Frameworks */,
				407C9D9828677DD400F3CB27 /* Resources */,
			);
			buildRules = (
			);
			dependencies = (
				407C9D9F28677DD500F3CB27 /* PBXTargetDependency */,
			);
			name = GallaTests;
			productName = GallaTests;
			productReference = 407C9D9A28677DD400F3CB27 /* GallaTests.xctest */;
			productType = "com.apple.product-type.bundle.unit-test";
		};
/* End PBXNativeTarget section */

/* Begin PBXProject section */
		405C35822862F953006A859F /* Project object */ = {
			isa = PBXProject;
			attributes = {
				BuildIndependentTargetsInParallel = 1;
				LastSwiftUpdateCheck = 1340;
				LastUpgradeCheck = 1340;
				TargetAttributes = {
					405C35892862F953006A859F = {
						CreatedOnToolsVersion = 13.4.1;
					};
					407C9D9928677DD400F3CB27 = {
						CreatedOnToolsVersion = 13.4.1;
						TestTargetID = 405C35892862F953006A859F;
					};
				};
			};
			buildConfigurationList = 405C35852862F953006A859F /* Build configuration list for PBXProject "Galla" */;
			compatibilityVersion = "Xcode 13.0";
			developmentRegion = en;
			hasScannedForEncodings = 0;
			knownRegions = (
				en,
				Base,
			);
			mainGroup = 405C35812862F953006A859F;
			packageReferences = (
				40F2D60F286AEA7900F57DAC /* XCRemoteSwiftPackageReference "SDWebImage" */,
			);
			productRefGroup = 405C358B2862F953006A859F /* Products */;
			projectDirPath = "";
			projectRoot = "";
			targets = (
				405C35892862F953006A859F /* Galla */,
				407C9D9928677DD400F3CB27 /* GallaTests */,
			);
		};
/* End PBXProject section */

/* Begin PBXResourcesBuildPhase section */
		405C35882862F953006A859F /* Resources */ = {
			isa = PBXResourcesBuildPhase;
			buildActionMask = 2147483647;
			files = (
				405C35AD28630820006A859F /* Poppins-SemiBold.ttf in Resources */,
				405C359A2862F955006A859F /* LaunchScreen.storyboard in Resources */,
				405C35972862F955006A859F /* Assets.xcassets in Resources */,
				405C35B028630820006A859F /* Poppins-Medium.ttf in Resources */,
				405C35AE28630820006A859F /* Poppins-Bold.ttf in Resources */,
				405C35AF28630820006A859F /* Poppins-Regular.ttf in Resources */,
			);
			runOnlyForDeploymentPostprocessing = 0;
		};
		407C9D9828677DD400F3CB27 /* Resources */ = {
			isa = PBXResourcesBuildPhase;
			buildActionMask = 2147483647;
			files = (
			);
			runOnlyForDeploymentPostprocessing = 0;
		};
/* End PBXResourcesBuildPhase section */

/* Begin PBXSourcesBuildPhase section */
		405C35862862F953006A859F /* Sources */ = {
			isa = PBXSourcesBuildPhase;
			buildActionMask = 2147483647;
			files = (
				405C35C4286405AE006A859F /* Observable.swift in Sources */,
				405C35B228634027006A859F /* LoginViewController.swift in Sources */,
				40F2D60A286ABBA900F57DAC /* EventService.swift in Sources */,
				40F2D604286AB9C100F57DAC /* EventViewModel.swift in Sources */,
				407C9D812865A2FC00F3CB27 /* UserRepository.swift in Sources */,
				405C35BF2863600C006A859F /* CTAButton.swift in Sources */,
				40F2D602286AB90C00F57DAC /* Event.swift in Sources */,
				405C35BA2863518F006A859F /* Extensions.swift in Sources */,
				407C9D8F2865C81B00F3CB27 /* Injection.swift in Sources */,
				407C9D91286605B500F3CB27 /* CustomResponseHandler.swift in Sources */,
				40ABA996286945EB00E3346B /* UpcomingEventCell.swift in Sources */,
				40ABA99C2869F48300E3346B /* PopularEventCell.swift in Sources */,
				407C9D7C2865A05900F3CB27 /* UserUseCase.swift in Sources */,
				40ABA99A28695C9900E3346B /* TitleHeaderCollectionReusableView.swift in Sources */,
				407C9D8D2865C5E000F3CB27 /* UserService.swift in Sources */,
				405C35C22863660F006A859F /* RegisterViewController.swift in Sources */,
				405C35922862F953006A859F /* RootViewController.swift in Sources */,
				405C358E2862F953006A859F /* AppDelegate.swift in Sources */,
				405C35B52863407E006A859F /* UserViewModel.swift in Sources */,
				40F2D606286AB9F900F57DAC /* EventRepository.swift in Sources */,
				407C9D7F2865A1EC00F3CB27 /* Error.swift in Sources */,
				407C9D8B2865AA3200F3CB27 /* Constants.swift in Sources */,
				407C9D952866CACF00F3CB27 /* UserLocalDataSource.swift in Sources */,
				40B18A2F28659E6A00F7DE74 /* User.swift in Sources */,
				405C35A62862FF84006A859F /* EmptyViewController.swift in Sources */,
				407C9D852865A4FE00F3CB27 /* UserRepositoryImplementation.swift in Sources */,
				40F2D608286ABB4D00F57DAC /* EventUseCase.swift in Sources */,
				405C35902862F953006A859F /* SceneDelegate.swift in Sources */,
				407C9D93286631DB00F3CB27 /* Spinner.swift in Sources */,
				405C35B828635121006A859F /* Utilities.swift in Sources */,
				40B18A2C28659BF700F7DE74 /* BaseResponse.swift in Sources */,
				405C35BD2863521C006A859F /* HeaderBackgroundAuth.swift in Sources */,
				40F2D60C286ABBC900F57DAC /* EventRepositoryImplementation.swift in Sources */,
				405C35A42862FF79006A859F /* HomeViewController.swift in Sources */,
				407C9D892865A5A000F3CB27 /* UserRemoteDataSource.swift in Sources */,
				40F2D60E286ABBEA00F57DAC /* EventRemoteDataSource.swift in Sources */,
			);
			runOnlyForDeploymentPostprocessing = 0;
		};
		407C9D9628677DD400F3CB27 /* Sources */ = {
			isa = PBXSourcesBuildPhase;
			buildActionMask = 2147483647;
			files = (
				407C9D9D28677DD500F3CB27 /* GallaTests.swift in Sources */,
			);
			runOnlyForDeploymentPostprocessing = 0;
		};
/* End PBXSourcesBuildPhase section */

/* Begin PBXTargetDependency section */
		407C9D9F28677DD500F3CB27 /* PBXTargetDependency */ = {
			isa = PBXTargetDependency;
			target = 405C35892862F953006A859F /* Galla */;
			targetProxy = 407C9D9E28677DD500F3CB27 /* PBXContainerItemProxy */;
		};
/* End PBXTargetDependency section */

/* Begin PBXVariantGroup section */
		405C35982862F955006A859F /* LaunchScreen.storyboard */ = {
			isa = PBXVariantGroup;
			children = (
				405C35992862F955006A859F /* Base */,
			);
			name = LaunchScreen.storyboard;
			sourceTree = "<group>";
		};
/* End PBXVariantGroup section */

/* Begin XCBuildConfiguration section */
		405C359C2862F955006A859F /* Debug */ = {
			isa = XCBuildConfiguration;
			buildSettings = {
				ALWAYS_SEARCH_USER_PATHS = NO;
				CLANG_ANALYZER_NONNULL = YES;
				CLANG_ANALYZER_NUMBER_OBJECT_CONVERSION = YES_AGGRESSIVE;
				CLANG_CXX_LANGUAGE_STANDARD = "gnu++17";
				CLANG_ENABLE_MODULES = YES;
				CLANG_ENABLE_OBJC_ARC = YES;
				CLANG_ENABLE_OBJC_WEAK = YES;
				CLANG_WARN_BLOCK_CAPTURE_AUTORELEASING = YES;
				CLANG_WARN_BOOL_CONVERSION = YES;
				CLANG_WARN_COMMA = YES;
				CLANG_WARN_CONSTANT_CONVERSION = YES;
				CLANG_WARN_DEPRECATED_OBJC_IMPLEMENTATIONS = YES;
				CLANG_WARN_DIRECT_OBJC_ISA_USAGE = YES_ERROR;
				CLANG_WARN_DOCUMENTATION_COMMENTS = YES;
				CLANG_WARN_EMPTY_BODY = YES;
				CLANG_WARN_ENUM_CONVERSION = YES;
				CLANG_WARN_INFINITE_RECURSION = YES;
				CLANG_WARN_INT_CONVERSION = YES;
				CLANG_WARN_NON_LITERAL_NULL_CONVERSION = YES;
				CLANG_WARN_OBJC_IMPLICIT_RETAIN_SELF = YES;
				CLANG_WARN_OBJC_LITERAL_CONVERSION = YES;
				CLANG_WARN_OBJC_ROOT_CLASS = YES_ERROR;
				CLANG_WARN_QUOTED_INCLUDE_IN_FRAMEWORK_HEADER = YES;
				CLANG_WARN_RANGE_LOOP_ANALYSIS = YES;
				CLANG_WARN_STRICT_PROTOTYPES = YES;
				CLANG_WARN_SUSPICIOUS_MOVE = YES;
				CLANG_WARN_UNGUARDED_AVAILABILITY = YES_AGGRESSIVE;
				CLANG_WARN_UNREACHABLE_CODE = YES;
				CLANG_WARN__DUPLICATE_METHOD_MATCH = YES;
				COPY_PHASE_STRIP = NO;
				DEBUG_INFORMATION_FORMAT = dwarf;
				ENABLE_STRICT_OBJC_MSGSEND = YES;
				ENABLE_TESTABILITY = YES;
				GCC_C_LANGUAGE_STANDARD = gnu11;
				GCC_DYNAMIC_NO_PIC = NO;
				GCC_NO_COMMON_BLOCKS = YES;
				GCC_OPTIMIZATION_LEVEL = 0;
				GCC_PREPROCESSOR_DEFINITIONS = (
					"DEBUG=1",
					"$(inherited)",
				);
				GCC_WARN_64_TO_32_BIT_CONVERSION = YES;
				GCC_WARN_ABOUT_RETURN_TYPE = YES_ERROR;
				GCC_WARN_UNDECLARED_SELECTOR = YES;
				GCC_WARN_UNINITIALIZED_AUTOS = YES_AGGRESSIVE;
				GCC_WARN_UNUSED_FUNCTION = YES;
				GCC_WARN_UNUSED_VARIABLE = YES;
				IPHONEOS_DEPLOYMENT_TARGET = 15.5;
				MTL_ENABLE_DEBUG_INFO = INCLUDE_SOURCE;
				MTL_FAST_MATH = YES;
				ONLY_ACTIVE_ARCH = YES;
				SDKROOT = iphoneos;
				SWIFT_ACTIVE_COMPILATION_CONDITIONS = DEBUG;
				SWIFT_OPTIMIZATION_LEVEL = "-Onone";
			};
			name = Debug;
		};
		405C359D2862F955006A859F /* Release */ = {
			isa = XCBuildConfiguration;
			buildSettings = {
				ALWAYS_SEARCH_USER_PATHS = NO;
				CLANG_ANALYZER_NONNULL = YES;
				CLANG_ANALYZER_NUMBER_OBJECT_CONVERSION = YES_AGGRESSIVE;
				CLANG_CXX_LANGUAGE_STANDARD = "gnu++17";
				CLANG_ENABLE_MODULES = YES;
				CLANG_ENABLE_OBJC_ARC = YES;
				CLANG_ENABLE_OBJC_WEAK = YES;
				CLANG_WARN_BLOCK_CAPTURE_AUTORELEASING = YES;
				CLANG_WARN_BOOL_CONVERSION = YES;
				CLANG_WARN_COMMA = YES;
				CLANG_WARN_CONSTANT_CONVERSION = YES;
				CLANG_WARN_DEPRECATED_OBJC_IMPLEMENTATIONS = YES;
				CLANG_WARN_DIRECT_OBJC_ISA_USAGE = YES_ERROR;
				CLANG_WARN_DOCUMENTATION_COMMENTS = YES;
				CLANG_WARN_EMPTY_BODY = YES;
				CLANG_WARN_ENUM_CONVERSION = YES;
				CLANG_WARN_INFINITE_RECURSION = YES;
				CLANG_WARN_INT_CONVERSION = YES;
				CLANG_WARN_NON_LITERAL_NULL_CONVERSION = YES;
				CLANG_WARN_OBJC_IMPLICIT_RETAIN_SELF = YES;
				CLANG_WARN_OBJC_LITERAL_CONVERSION = YES;
				CLANG_WARN_OBJC_ROOT_CLASS = YES_ERROR;
				CLANG_WARN_QUOTED_INCLUDE_IN_FRAMEWORK_HEADER = YES;
				CLANG_WARN_RANGE_LOOP_ANALYSIS = YES;
				CLANG_WARN_STRICT_PROTOTYPES = YES;
				CLANG_WARN_SUSPICIOUS_MOVE = YES;
				CLANG_WARN_UNGUARDED_AVAILABILITY = YES_AGGRESSIVE;
				CLANG_WARN_UNREACHABLE_CODE = YES;
				CLANG_WARN__DUPLICATE_METHOD_MATCH = YES;
				COPY_PHASE_STRIP = NO;
				DEBUG_INFORMATION_FORMAT = "dwarf-with-dsym";
				ENABLE_NS_ASSERTIONS = NO;
				ENABLE_STRICT_OBJC_MSGSEND = YES;
				GCC_C_LANGUAGE_STANDARD = gnu11;
				GCC_NO_COMMON_BLOCKS = YES;
				GCC_WARN_64_TO_32_BIT_CONVERSION = YES;
				GCC_WARN_ABOUT_RETURN_TYPE = YES_ERROR;
				GCC_WARN_UNDECLARED_SELECTOR = YES;
				GCC_WARN_UNINITIALIZED_AUTOS = YES_AGGRESSIVE;
				GCC_WARN_UNUSED_FUNCTION = YES;
				GCC_WARN_UNUSED_VARIABLE = YES;
				IPHONEOS_DEPLOYMENT_TARGET = 15.5;
				MTL_ENABLE_DEBUG_INFO = NO;
				MTL_FAST_MATH = YES;
				SDKROOT = iphoneos;
				SWIFT_COMPILATION_MODE = wholemodule;
				SWIFT_OPTIMIZATION_LEVEL = "-O";
				VALIDATE_PRODUCT = YES;
			};
			name = Release;
		};
		405C359F2862F955006A859F /* Debug */ = {
			isa = XCBuildConfiguration;
			buildSettings = {
				ASSETCATALOG_COMPILER_APPICON_NAME = AppIcon;
				ASSETCATALOG_COMPILER_GLOBAL_ACCENT_COLOR_NAME = AccentColor;
				CODE_SIGN_STYLE = Automatic;
				CURRENT_PROJECT_VERSION = 1;
				DEVELOPMENT_TEAM = D7589S3EHF;
				GENERATE_INFOPLIST_FILE = YES;
				INFOPLIST_FILE = Galla/Info.plist;
				INFOPLIST_KEY_UIApplicationSupportsIndirectInputEvents = YES;
				INFOPLIST_KEY_UILaunchStoryboardName = LaunchScreen;
				INFOPLIST_KEY_UISupportedInterfaceOrientations_iPad = "UIInterfaceOrientationPortrait UIInterfaceOrientationPortraitUpsideDown UIInterfaceOrientationLandscapeLeft UIInterfaceOrientationLandscapeRight";
				INFOPLIST_KEY_UISupportedInterfaceOrientations_iPhone = "UIInterfaceOrientationPortrait UIInterfaceOrientationLandscapeLeft UIInterfaceOrientationLandscapeRight";
				LD_RUNPATH_SEARCH_PATHS = (
					"$(inherited)",
					"@executable_path/Frameworks",
				);
				MARKETING_VERSION = 1.0;
				PRODUCT_BUNDLE_IDENTIFIER = com.dimas.Galla;
				PRODUCT_NAME = "$(TARGET_NAME)";
				SWIFT_EMIT_LOC_STRINGS = YES;
				SWIFT_VERSION = 5.0;
				TARGETED_DEVICE_FAMILY = "1,2";
			};
			name = Debug;
		};
		405C35A02862F955006A859F /* Release */ = {
			isa = XCBuildConfiguration;
			buildSettings = {
				ASSETCATALOG_COMPILER_APPICON_NAME = AppIcon;
				ASSETCATALOG_COMPILER_GLOBAL_ACCENT_COLOR_NAME = AccentColor;
				CODE_SIGN_STYLE = Automatic;
				CURRENT_PROJECT_VERSION = 1;
				DEVELOPMENT_TEAM = D7589S3EHF;
				GENERATE_INFOPLIST_FILE = YES;
				INFOPLIST_FILE = Galla/Info.plist;
				INFOPLIST_KEY_UIApplicationSupportsIndirectInputEvents = YES;
				INFOPLIST_KEY_UILaunchStoryboardName = LaunchScreen;
				INFOPLIST_KEY_UISupportedInterfaceOrientations_iPad = "UIInterfaceOrientationPortrait UIInterfaceOrientationPortraitUpsideDown UIInterfaceOrientationLandscapeLeft UIInterfaceOrientationLandscapeRight";
				INFOPLIST_KEY_UISupportedInterfaceOrientations_iPhone = "UIInterfaceOrientationPortrait UIInterfaceOrientationLandscapeLeft UIInterfaceOrientationLandscapeRight";
				LD_RUNPATH_SEARCH_PATHS = (
					"$(inherited)",
					"@executable_path/Frameworks",
				);
				MARKETING_VERSION = 1.0;
				PRODUCT_BUNDLE_IDENTIFIER = com.dimas.Galla;
				PRODUCT_NAME = "$(TARGET_NAME)";
				SWIFT_EMIT_LOC_STRINGS = YES;
				SWIFT_VERSION = 5.0;
				TARGETED_DEVICE_FAMILY = "1,2";
			};
			name = Release;
		};
		407C9DA128677DD500F3CB27 /* Debug */ = {
			isa = XCBuildConfiguration;
			buildSettings = {
				BUNDLE_LOADER = "$(TEST_HOST)";
				CODE_SIGN_STYLE = Automatic;
				CURRENT_PROJECT_VERSION = 1;
				DEVELOPMENT_TEAM = D7589S3EHF;
				GENERATE_INFOPLIST_FILE = YES;
				MARKETING_VERSION = 1.0;
				PRODUCT_BUNDLE_IDENTIFIER = com.dimas.GallaTests;
				PRODUCT_NAME = "$(TARGET_NAME)";
				SWIFT_EMIT_LOC_STRINGS = NO;
				SWIFT_VERSION = 5.0;
				TARGETED_DEVICE_FAMILY = "1,2";
				TEST_HOST = "$(BUILT_PRODUCTS_DIR)/Galla.app/Galla";
			};
			name = Debug;
		};
		407C9DA228677DD500F3CB27 /* Release */ = {
			isa = XCBuildConfiguration;
			buildSettings = {
				BUNDLE_LOADER = "$(TEST_HOST)";
				CODE_SIGN_STYLE = Automatic;
				CURRENT_PROJECT_VERSION = 1;
				DEVELOPMENT_TEAM = D7589S3EHF;
				GENERATE_INFOPLIST_FILE = YES;
				MARKETING_VERSION = 1.0;
				PRODUCT_BUNDLE_IDENTIFIER = com.dimas.GallaTests;
				PRODUCT_NAME = "$(TARGET_NAME)";
				SWIFT_EMIT_LOC_STRINGS = NO;
				SWIFT_VERSION = 5.0;
				TARGETED_DEVICE_FAMILY = "1,2";
				TEST_HOST = "$(BUILT_PRODUCTS_DIR)/Galla.app/Galla";
			};
			name = Release;
		};
/* End XCBuildConfiguration section */

/* Begin XCConfigurationList section */
		405C35852862F953006A859F /* Build configuration list for PBXProject "Galla" */ = {
			isa = XCConfigurationList;
			buildConfigurations = (
				405C359C2862F955006A859F /* Debug */,
				405C359D2862F955006A859F /* Release */,
			);
			defaultConfigurationIsVisible = 0;
			defaultConfigurationName = Release;
		};
		405C359E2862F955006A859F /* Build configuration list for PBXNativeTarget "Galla" */ = {
			isa = XCConfigurationList;
			buildConfigurations = (
				405C359F2862F955006A859F /* Debug */,
				405C35A02862F955006A859F /* Release */,
			);
			defaultConfigurationIsVisible = 0;
			defaultConfigurationName = Release;
		};
		407C9DA028677DD500F3CB27 /* Build configuration list for PBXNativeTarget "GallaTests" */ = {
			isa = XCConfigurationList;
			buildConfigurations = (
				407C9DA128677DD500F3CB27 /* Debug */,
				407C9DA228677DD500F3CB27 /* Release */,
			);
			defaultConfigurationIsVisible = 0;
			defaultConfigurationName = Release;
		};
/* End XCConfigurationList section */

/* Begin XCRemoteSwiftPackageReference section */
		40F2D60F286AEA7900F57DAC /* XCRemoteSwiftPackageReference "SDWebImage" */ = {
			isa = XCRemoteSwiftPackageReference;
			repositoryURL = "https://github.com/SDWebImage/SDWebImage";
			requirement = {
				branch = master;
				kind = branch;
			};
		};
/* End XCRemoteSwiftPackageReference section */

/* Begin XCSwiftPackageProductDependency section */
		40F2D610286AEA7900F57DAC /* SDWebImage */ = {
			isa = XCSwiftPackageProductDependency;
			package = 40F2D60F286AEA7900F57DAC /* XCRemoteSwiftPackageReference "SDWebImage" */;
			productName = SDWebImage;
		};
/* End XCSwiftPackageProductDependency section */
	};
	rootObject = 405C35822862F953006A859F /* Project object */;
}
